
Microsoft Visual Studio Solution File, Format Version 12.00
# Visual Studio Version 16
VisualStudioVersion = 16.0.28729.10
MinimumVisualStudioVersion = 10.0.40219.1
Project("{FAE04EC0-301F-11D3-BF4B-00C04F79EFBC}") = "wpf-textbox-with-options", "wpf-textbox-with-options\wpf-textbox-with-options.csproj", "{E7027100-A235-4035-8169-E14B1073E965}"
EndProject
Project("{FAE04EC0-301F-11D3-BF4B-00C04F79EFBC}") = "TextBoxWithOptions", "TextBoxWithOptions\TextBoxWithOptions.csproj", "{59CB02A5-CB8F-4A4F-AB3E-11AE6560D929}"
EndProject
Global
	GlobalSection(SolutionConfigurationPlatforms) = preSolution
		Debug|Any CPU = Debug|Any CPU
		Release|Any CPU = Release|Any CPU
	EndGlobalSection
	GlobalSection(ProjectConfigurationPlatforms) = postSolution
		{E7027100-A235-4035-8169-E14B1073E965}.Debug|Any CPU.ActiveCfg = Debug|Any CPU
		{E7027100-A235-4035-8169-E14B1073E965}.Debug|Any CPU.Build.0 = Debug|Any CPU
		{E7027100-A235-4035-8169-E14B1073E965}.Release|Any CPU.ActiveCfg = Release|Any CPU
		{E7027100-A235-4035-8169-E14B1073E965}.Release|Any CPU.Build.0 = Release|Any CPU
		{59CB02A5-CB8F-4A4F-AB3E-11AE6560D929}.Debug|Any CPU.ActiveCfg = Debug|Any CPU
		{59CB02A5-CB8F-4A4F-AB3E-11AE6560D929}.Debug|Any CPU.Build.0 = Debug|Any CPU
		{59CB02A5-CB8F-4A4F-AB3E-11AE6560D929}.Release|Any CPU.ActiveCfg = Release|Any CPU
		{59CB02A5-CB8F-4A4F-AB3E-11AE6560D929}.Release|Any CPU.Build.0 = Release|Any CPU
	EndGlobalSection
	GlobalSection(SolutionProperties) = preSolution
		HideSolutionNode = FALSE
	EndGlobalSection
	GlobalSection(ExtensibilityGlobals) = postSolution
		SolutionGuid = {78AAA9E9-A9F4-4B9D-B31A-DD3F61CEBDF8}
	EndGlobalSection
EndGlobal
